
Microsoft Visual Studio Solution File, Format Version 12.00
# Visual Studio 2012
Project("{FAE04EC0-301F-11D3-BF4B-00C04F79EFBC}") = "ProyectoIDCode", "ProyectoIDCode\ProyectoIDCode.csproj", "{A03484DC-6297-47E3-AD08-82960B3621F0}"
EndProject
Global
	GlobalSection(SolutionConfigurationPlatforms) = preSolution
		Debug|Any CPU = Debug|Any CPU
		Release|Any CPU = Release|Any CPU
	EndGlobalSection
	GlobalSection(ProjectConfigurationPlatforms) = postSolution
		{A03484DC-6297-47E3-AD08-82960B3621F0}.Debug|Any CPU.ActiveCfg = Debug|Any CPU
		{A03484DC-6297-47E3-AD08-82960B3621F0}.Debug|Any CPU.Build.0 = Debug|Any CPU
		{A03484DC-6297-47E3-AD08-82960B3621F0}.Release|Any CPU.ActiveCfg = Release|Any CPU
		{A03484DC-6297-47E3-AD08-82960B3621F0}.Release|Any CPU.Build.0 = Release|Any CPU
	EndGlobalSection
	GlobalSection(SolutionProperties) = preSolution
		HideSolutionNode = FALSE
	EndGlobalSection
EndGlobal
